
Microsoft Visual Studio Solution File, Format Version 12.00
# Visual Studio Version 17
VisualStudioVersion = 17.5.002.0
MinimumVisualStudioVersion = 10.0.40219.1
Project("{9A19103F-16F7-4668-BE54-9A1E7A4F7556}") = "ControllerAPI2", "ControllerAPI2.csproj", "{83BB851B-4C7B-4AC0-BC6E-1389FD947033}"
EndProject
Global
	GlobalSection(SolutionConfigurationPlatforms) = preSolution
		Debug|Any CPU = Debug|Any CPU
		Release|Any CPU = Release|Any CPU
	EndGlobalSection
	GlobalSection(ProjectConfigurationPlatforms) = postSolution
		{83BB851B-4C7B-4AC0-BC6E-1389FD947033}.Debug|Any CPU.ActiveCfg = Debug|Any CPU
		{83BB851B-4C7B-4AC0-BC6E-1389FD947033}.Debug|Any CPU.Build.0 = Debug|Any CPU
		{83BB851B-4C7B-4AC0-BC6E-1389FD947033}.Release|Any CPU.ActiveCfg = Release|Any CPU
		{83BB851B-4C7B-4AC0-BC6E-1389FD947033}.Release|Any CPU.Build.0 = Release|Any CPU
	EndGlobalSection
	GlobalSection(SolutionProperties) = preSolution
		HideSolutionNode = FALSE
	EndGlobalSection
	GlobalSection(ExtensibilityGlobals) = postSolution
		SolutionGuid = {11A2CA9B-06E8-4B03-9617-19FF34701E4F}
	EndGlobalSection
EndGlobal
